bitbucket.org/kardianos/osext v0.0.0-20181027061946-15c52d0993e9 h1:e4OTPTo8CRlaXb79fvCXZIHLLOgAf4r360j6NspbhRk=
bitbucket.org/kardianos/osext v0.0.0-20181027061946-15c52d0993e9/go.mod h1:gCJCsH2RZ6GzBARZLbHxrfO81GvxS0XbMqlnU8aSli0=
github.com/BurntSushi/xgb v0.0.0-20210121224620-deaf085860bc h1:7D+Bh06CRPCJO3gr2F7h1sriovOZ8BMhca2Rg85c2nk=
github.com/BurntSushi/xgb v0.0.0-20210121224620-deaf085860bc/go.mod h1:IVnqGOEym/WlBOVXweHU+Q+/VP0lqqI8lqeDx9IjBqo=
github.com/StackExchange/wmi v1.2.1 h1:VIkavFPXSjcnS+O8yTq7NI32k0R5Aj+v39y29VYDOSA=
github.com/StackExchange/wmi v1.2.1/go.mod h1:rcmrprowKIVzvc+NUiLncP2uuArMWLCbu9SBzvHz7e8=
github.com/atotto/clipboard v0.1.4 h1:EH0zSVneZPSuFR11BlR9YppQTVDbh5+16AmcJi4g1z4=
github.com/atotto/clipboard v0.1.4/go.mod h1:ZY9tmq7sm5xIbd9bOK4onWV4S6X0u6GY7Vn0Yu86PYI=
github.com/c-robinson/iplib v1.0.4 h1:S7EuLks/AicXzVJ9+oMvnqXUACugGvv9eSXYaqhDURE=
github.com/c-robinson/iplib v1.0.4/go.mod h1:i3LuuFL1hRT5gFpBRnEydzw8R6yhGkF4szNDIbF8pgo=
github.com/fatih/color v1.13.0 h1:8LOYc1KYPPmyKMuN8QV2DNRWNbLo6LZ0iLs8+mlH53w=
github.com/fatih/color v1.13.0/go.mod h1:kLAiJbzzSOZDVNGyDpeOxJ47H46qBXwg5ILebYFFOfk=
github.com/ghodss/yaml v1.0.0 h1:wQHKEahhL6wmXdzwWG11gIVCkOv05bNOh+Rxn0yngAk=
github.com/ghodss/yaml v1.0.0/go.mod h1:4dBDuWmgqj2HViK6kFavaiC9ZROes6MMH2rRYeMEF04=
github.com/go-ole/go-ole v1.2.5/go.mod h1:pprOEPIfldk/42T2oK7lQ4v4JSDwmV0As9GaiUsvbm0=
github.com/go-ole/go-ole v1.2.6 h1:/Fpf6oFPoeFik9ty7siob0G6Ke8QvQEuVcuChpwXzpY=
github.com/go-ole/go-ole v1.2.6/go.mod h1:pprOEPIfldk/42T2oK7lQ4v4JSDwmV0As9GaiUsvbm0=
github.com/go-telegram-bot-api/telegram-bot-api/v5 v5.5.1 h1:wG8n/XJQ07TmjbITcGiUaOtXxdrINDz1b0J1w0SzqDc=
github.com/go-telegram-bot-api/telegram-bot-api/v5 v5.5.1/go.mod h1:A2S0CWkNylc2phvKXWBBdD3K0iGnDBGbzRpISP2zBl8=
github.com/google/gopacket v1.1.19 h1:ves8RnFZPGiFnTS0uPQStjwru6uO6h+nlr9j6fL7kF8=
github.com/google/gopacket v1.1.19/go.mod h1:iJ8V8n6KS+z2U1A8pUwu8bW5SyEMkXJB8Yo/Vo+TKTo=
github.com/gorilla/websocket v1.5.0 h1:PPwGk2jz7EePpoHN/+ClbZu8SPxiqlu12wZP/3sWmnc=
github.com/gorilla/websocket v1.5.0/go.mod h1:YR8l580nyteQvAITg2hZ9XVh4b55+EU/adAjf1fMHhE=
github.com/inconshreveable/mousetrap v1.0.0/go.mod h1:PxqpIevigyE2G7u3NXJIT2ANytuPF1OarO4DADm73n8=
github.com/jackpal/gateway v1.0.7 h1:7tIFeCGmpyrMx9qvT0EgYUi7cxVW48a0mMvnIL17bPM=
github.com/jackpal/gateway v1.0.7/go.mod h1:aRcO0UFKt+MgIZmRmvOmnejdDT4Y1DNiNOsSd1AcIbA=
github.com/jaypipes/ghw v0.9.0 h1:TWF4wNIGtZcgDJaiNcFgby5BR8s2ixcUe0ydxNO2McY=
github.com/jaypipes/ghw v0.9.0/go.mod h1:dXMo19735vXOjpIBDyDYSp31sB2u4hrtRCMxInqQ64k=
github.com/jaypipes/pcidb v1.0.0 h1:vtZIfkiCUE42oYbJS0TAq9XSfSmcsgo9IdxSm9qzYU8=
github.com/jaypipes/pcidb v1.0.0/go.mod h1:TnYUvqhPBzCKnH34KrIX22kAeEbDCSRJ9cqLRCuNDfk=
github.com/jessevdk/go-flags v1.4.0/go.mod h1:4FA24M0QyGHXBuZZK/XkWh8h0e1EYbRYJSGM75WSRxI=
github.com/kr/pretty v0.1.0 h1:L/CwN0zerZDmRFUapSPitk6f+Q3+0za1rQkzVuMiMFI=
github.com/kr/pretty v0.1.0/go.mod h1:dAy3ld7l9f0ibDNOQOHHMYYIIbhfbHSm3C4ZsoJORNo=
github.com/kr/pty v1.1.1/go.mod h1:pFQYn66WHrOpPYNljwOMqo10TkYh1fy3cYio2l3bCsQ=
github.com/kr/text v0.1.0 h1:45sCR5RtlFHMR4UwH9sdQ5TC8v0qDQCHnXt+kaKSTVE=
github.com/kr/text v0.1.0/go.mod h1:4Jbv+DJW3UT/LiOwJeYQe1efqtUx/iVham/4vfdArNI=
github.com/mateuszmierzwinski/filescanner v0.0.4 h1:x+jp7lXeSKYb9I8cqZWIm6EKfB31KXyd0FXZNpvUfUc=
github.com/mateuszmierzwinski/filescanner v0.0.4/go.mod h1:ICVX4IqywupMU0u9sXTbz9HlNf+VLYuuV5N/tybotLk=
github.com/matishsiao/goInfo v0.0.0-20210923090445-da2e3fa8d45f h1:B0OD7nYl2FPQEVrw8g2uyc1lGEzNbvrKh7fspGZcbvY=
github.com/matishsiao/goInfo v0.0.0-20210923090445-da2e3fa8d45f/go.mod h1:aEt7p9Rvh67BYApmZwNDPpgircTO2kgdmDUoF/1QmwA=
github.com/mattn/go-colorable v0.1.9/go.mod h1:u6P/XSegPjTcexA+o6vUJrdnUu04hMope9wVRipJSqc=
github.com/mattn/go-colorable v0.1.13 h1:fFA4WZxdEF4tXPZVKMLwD8oUnCTTo08duU7wxecdEvA=
github.com/mattn/go-colorable v0.1.13/go.mod h1:7S9/ev0klgBDR4GtXTXX8a3vIGJpMovkB8vQcUbaXHg=
github.com/mattn/go-isatty v0.0.12/go.mod h1:cbi8OIDigv2wuxKPP5vlRcQ1OAZbq2CE4Kysco4FUpU=
github.com/mattn/go-isatty v0.0.14/go.mod h1:7GGIvUiUoEMVVmxf/4nioHXj79iQHKdU27kJ6hsGG94=
github.com/mattn/go-isatty v0.0.16 h1:bq3VjFmv/sOjHtdEhmkEV4x1AJtvUvOJ2PFAZ5+peKQ=
github.com/mattn/go-isatty v0.0.16/go.mod h1:kYGgaQfpe5nmfYZH+SKPsOc2e4SrIfOl2e/yFXSvRLM=
github.com/mitchellh/go-homedir v1.0.0/go.mod h1:SfyaCUpYCn1Vlf4IUYiD9fPX4A5wJrkLzIz1N1q0pr0=
github.com/mitchellh/go-homedir v1.1.0 h1:lukF9ziXFxDFPkA1vsr5zpc1XuPDn/wFntq5mG+4E0Y=
github.com/mitchellh/go-homedir v1.1.0/go.mod h1:SfyaCUpYCn1Vlf4IUYiD9fPX4A5wJrkLzIz1N1q0pr0=
github.com/mitchellh/go-ps v1.0.0 h1:i6ampVEEF4wQFF+bkYfwYgY+F/uYJDktmvLPf7qIgjc=
github.com/mitchellh/go-ps v1.0.0/go.mod h1:J4lOc8z8yJs6vUwklHw2XEIiT4z4C40KtWVN3nvg8Pg=
github.com/pkg/errors v0.9.1 h1:FEBLx1zS214owpjy7qsBeixbURkuhQAwrK5UwLGTwt4=
github.com/pkg/errors v0.9.1/go.mod h1:bwawxfHBFNV+L2hUp1rHADufV3IMtnDRdf1r5NINEl0=
github.com/savaki/jq v0.0.0-20161209013833-0e6baecebbf8 h1:ajJQhvqPSQFJJ4aV5mDAMx8F7iFi6Dxfo6y62wymLNs=
github.com/savaki/jq v0.0.0-20161209013833-0e6baecebbf8/go.mod h1:Nw/CCOXNyF5JDd6UpYxBwG5WWZ2FOJ/d5QnXL4KQ6vY=
github.com/spf13/cobra v0.0.3/go.mod h1:1l0Ry5zgKvJasoi3XT1TypsSe7PqH0Sj9dhYf7v3XqQ=
github.com/spf13/pflag v1.0.2/go.mod h1:DYY7MBk1bdzusC3SYhjObp+wFpr4gzcvqqNjLnInEg4=
github.com/vova616/screenshot v0.0.0-20220801010501-56c10359473c h1:mqgl+NQgzZ30EX7oA3uNIlPn6dAgG6sThBiUodUzZpU=
github.com/vova616/screenshot v0.0.0-20220801010501-56c10359473c/go.mod h1:gjlNhAXON0uGGilpsAZpMx5bN1ZVavUlJETHif7w4HQ=
github.com/whiterabb17/getsetgo v0.0.0-20221203062444-57ee8de2d855 h1:AMwvz2Ji1lQmfqBdQCyyqp3osVtPtPsRtvIdyonm3pQ=
github.com/whiterabb17/getsetgo v0.0.0-20221203062444-57ee8de2d855/go.mod h1:Cv08XxTujKcMBo3Jstv1toYn2wPXUhPrUx/wEaJSBX0=
github.com/whiterabb17/goliath v0.0.0-20221026072001-58c31717cc76 h1:CCnZ0DYxqiqCQ5jqCHe8o2ujDyVtnOCZ3LAP34FIqtI=
github.com/whiterabb17/goliath v0.0.0-20221026072001-58c31717cc76/go.mod h1:04wXkeborX3zUreTrbaD5H0vLpBPx5WMbz1RiTrs6tI=
github.com/whiterabb17/gopher-socket v0.0.0-20221123151939-e0ef724c8cb1 h1:Eunil7M3xgjX5LJreQxhKEAbCivZElVjUXTFTNg/+z4=
github.com/whiterabb17/gopher-socket v0.0.0-20221123151939-e0ef724c8cb1/go.mod h1:wSk7DZaS33Wu1RsBVRtCS4Z1BbGjNSOz2ckzoGmR/DM=
github.com/whiterabb17/gryphon v0.0.0-20221209233856-f2b6d18b0be6 h1:tlwlIKjgdRAF2ISAT7q3voIcS3CS5BzyG6Si9EyBAas=
github.com/whiterabb17/gryphon v0.0.0-20221209233856-f2b6d18b0be6/go.mod h1:TqUupAmor7IeNI/RNO/PJdi+yzw7vyn210yA51tOsBk=
golang.org/x/crypto v0.0.0-20190308221718-c2843e01d9a2/go.mod h1:djNgcEr1/C05ACkg1iLfiJU5Ep61QUkGW8qpdssI0+w=
golang.org/x/crypto v0.0.0-20191011191535-87dc89f01550/go.mod h1:yigFU9vqHzYiE8UmvKecakEJjdnWj3jj499lnFckfCI=
golang.org/x/lint v0.0.0-20200302205851-738671d3881b/go.mod h1:3xt1FjdF8hUf6vQPIChWIBhFzV8gjjsPE/fR3IyQdNY=
golang.org/x/mod v0.1.1-0.20191105210325-c90efee705ee/go.mod h1:QqPTAvyqsEbceGzBzNggFXnrqF1CaUcvgkdR5Ot7KZg=
golang.org/x/net v0.0.0-20190404232315-eb5bcb51f2a3/go.mod h1:t9HGtf8HONx5eT2rtn7q6eTqICYqUVnKs3thJo3Qplg=
golang.org/x/net v0.0.0-20190620200207-3b0461eec859/go.mod h1:z5CRVTTTmAJ677TzLLGU+0bjPO0LkuOLi4/5GtJWs/s=
golang.org/x/net v0.4.0 h1:Q5QPcMlvfxFTAPV0+07Xz/MpK9NTXu2VDUuy0FeMfaU=
golang.org/x/net v0.4.0/go.mod h1:MBQ8lrhLObU/6UmLb4fmbmk5OcyYmqtbGd/9yIeKjEE=
golang.org/x/sync v0.0.0-20190423024810-112230192c58/go.mod h1:RxMgew5VJxzue5/jJTE5uejpjVlOe/izrB70Jof72aM=
golang.org/x/sys v0.0.0-20190215142949-d0b11bdaac8a/go.mod h1:STP8DvDyc/dI5b8T5hshtkjS+E42TnysNCUPdjciGhY=
golang.org/x/sys v0.0.0-20190412213103-97732733099d/go.mod h1:h1NjWce9XRLGQEsW7wpKNCjG9DtNlClVuFLEZdDNbEs=
golang.org/x/sys v0.0.0-20190916202348-b4ddaad3f8a3/go.mod h1:h1NjWce9XRLGQEsW7wpKNCjG9DtNlClVuFLEZdDNbEs=
golang.org/x/sys v0.0.0-20200116001909-b77594299b42/go.mod h1:h1NjWce9XRLGQEsW7wpKNCjG9DtNlClVuFLEZdDNbEs=
golang.org/x/sys v0.0.0-20200223170610-d5e6a3e2c0ae/go.mod h1:h1NjWce9XRLGQEsW7wpKNCjG9DtNlClVuFLEZdDNbEs=
golang.org/x/sys v0.0.0-20210630005230-0f9fa26af87c/go.mod h1:oPkhp1MJrh7nUepCBck5+mAzfO9JrbApNNgaTdGDITg=
golang.org/x/sys v0.0.0-20220319134239-a9b59b0215f8/go.mod h1:oPkhp1MJrh7nUepCBck5+mAzfO9JrbApNNgaTdGDITg=
golang.org/x/sys v0.0.0-20220811171246-fbc7d0a398ab/go.mod h1:oPkhp1MJrh7nUepCBck5+mAzfO9JrbApNNgaTdGDITg=
golang.org/x/sys v0.3.0 h1:w8ZOecv6NaNa/zC8944JTU3vz4u6Lagfk4RPQxv92NQ=
golang.org/x/sys v0.3.0/go.mod h1:oPkhp1MJrh7nUepCBck5+mAzfO9JrbApNNgaTdGDITg=
golang.org/x/text v0.3.0/go.mod h1:NqM8EUOU14njkJ3fqMW+pc6Ldnwhi/IjpwHt7yyuwOQ=
golang.org/x/tools v0.0.0-20200130002326-2f3ba24bd6e7/go.mod h1:TB2adYChydJhpapKDTa4BR/hXlZSLoq2Wpct/0txZ28=
golang.org/x/xerrors v0.0.0-20191011141410-1b5146add898/go.mod h1:I/5z698sn9Ka8TeJc9MKroUUfqBBauWjQqLJ2OPfmY0=
gopkg.in/check.v1 v0.0.0-20161208181325-20d25e280405/go.mod h1:Co6ibVJAznAaIkqp8huTwlJQCZ016jof/cbN4VW5Yz0=
gopkg.in/check.v1 v1.0.0-20180628173108-788fd7840127 h1:qIbj1fsPNlZgppZ+VLlY7N33q108Sa+fhmuc+sWQYwY=
gopkg.in/check.v1 v1.0.0-20180628173108-788fd7840127/go.mod h1:Co6ibVJAznAaIkqp8huTwlJQCZ016jof/cbN4VW5Yz0=
gopkg.in/yaml.v1 v1.0.0-20140924161607-9f9df34309c0/go.mod h1:WDnlLJ4WF5VGsH/HVa3CI79GS0ol3YnhVnKP89i0kNg=
gopkg.in/yaml.v2 v2.4.0 h1:D8xgwECY7CYvx+Y2n4sBz93Jn9JRvxdiyyo8CTfuKaY=
gopkg.in/yaml.v2 v2.4.0/go.mod h1:RDklbk79AGWmwhnvt/jBztapEOGDOx6ZbXqjP6csGnQ=
howett.net/plist v1.0.0 h1:7CrbWYbPPO/PyNy38b2EB/+gYbjCe2DXBxgtOOZbSQM=
howett.net/plist v1.0.0/go.mod h1:lqaXoTrLY4hg8tnEzNru53gicrbv7rrk+2xJA/7hw9g=
